// !$*UTF8*$!
{
	archiveVersion = 1;
	classes = {
	};
	objectVersion = 50;
	objects = {

/* Begin PBXBuildFile section */
		99F401B324F662BF00380AAF /* AppDelegate.swift in Sources */ = {isa = PBXBuildFile; fileRef = 99F401B224F662BF00380AAF /* AppDelegate.swift */; };
		99F401B524F662BF00380AAF /* SceneDelegate.swift in Sources */ = {isa = PBXBuildFile; fileRef = 99F401B424F662BF00380AAF /* SceneDelegate.swift */; };
		99F401BA24F662BF00380AAF /* Main.storyboard in Resources */ = {isa = PBXBuildFile; fileRef = 99F401B824F662BF00380AAF /* Main.storyboard */; };
		99F401BC24F662C100380AAF /* Assets.xcassets in Resources */ = {isa = PBXBuildFile; fileRef = 99F401BB24F662C100380AAF /* Assets.xcassets */; };
		99F401BF24F662C100380AAF /* LaunchScreen.storyboard in Resources */ = {isa = PBXBuildFile; fileRef = 99F401BD24F662C100380AAF /* LaunchScreen.storyboard */; };
		99F401C924F6832C00380AAF /* LoginViewController.swift in Sources */ = {isa = PBXBuildFile; fileRef = 99F401C824F6832C00380AAF /* LoginViewController.swift */; };
		99F401CB24F684FA00380AAF /* HomeViewController.swift in Sources */ = {isa = PBXBuildFile; fileRef = 99F401CA24F684FA00380AAF /* HomeViewController.swift */; };
/* End PBXBuildFile section */

/* Begin PBXFileReference section */
		99F401AF24F662BF00380AAF /* LocalAuthenticationDemo.app */ = {isa = PBXFileReference; explicitFileType = wrapper.application; includeInIndex = 0; path = LocalAuthenticationDemo.app; sourceTree = BUILT_PRODUCTS_DIR; };
		99F401B224F662BF00380AAF /* AppDelegate.swift */ = {isa = PBXFileReference; lastKnownFileType = sourcecode.swift; path = AppDelegate.swift; sourceTree = "<group>"; };
		99F401B424F662BF00380AAF /* SceneDelegate.swift */ = {isa = PBXFileReference; lastKnownFileType = sourcecode.swift; path = SceneDelegate.swift; sourceTree = "<group>"; };
		99F401B924F662BF00380AAF /* Base */ = {isa = PBXFileReference; lastKnownFileType = file.storyboard; name = Base; path = Base.lproj/Main.storyboard; sourceTree = "<group>"; };
		99F401BB24F662C100380AAF /* Assets.xcassets */ = {isa = PBXFileReference; lastKnownFileType = folder.assetcatalog; path = Assets.xcassets; sourceTree = "<group>"; };
		99F401BE24F662C100380AAF /* Base */ = {isa = PBXFileReference; lastKnownFileType = file.storyboard; name = Base; path = Base.lproj/LaunchScreen.storyboard; sourceTree = "<group>"; };
		99F401C024F662C100380AAF /* Info.plist */ = {isa = PBXFileReference; lastKnownFileType = text.plist.xml; path = Info.plist; sourceTree = "<group>"; };
		99F401C824F6832C00380AAF /* LoginViewController.swift */ = {isa = PBXFileReference; lastKnownFileType = sourcecode.swift; path = LoginViewController.swift; sourceTree = "<group>"; };
		99F401CA24F684FA00380AAF /* HomeViewController.swift */ = {isa = PBXFileReference; lastKnownFileType = sourcecode.swift; path = HomeViewController.swift; sourceTree = "<group>"; };
/* End PBXFileReference section */

/* Begin PBXFrameworksBuildPhase section */
		99F401AC24F662BF00380AAF /* Frameworks */ = {
			isa = PBXFrameworksBuildPhase;
			buildActionMask = 2147483647;
			files = (
			);
			runOnlyForDeploymentPostprocessing = 0;
		};
/* End PBXFrameworksBuildPhase section */

/* Begin PBXGroup section */
		99F401A624F662BF00380AAF = {
			isa = PBXGroup;
			children = (
				99F401B124F662BF00380AAF /* LocalAuthenticationDemo */,
				99F401B024F662BF00380AAF /* Products */,
			);
			sourceTree = "<group>";
		};
		99F401B024F662BF00380AAF /* Products */ = {
			isa = PBXGroup;
			children = (
				99F401AF24F662BF00380AAF /* LocalAuthenticationDemo.app */,
			);
			name = Products;
			sourceTree = "<group>";
		};
		99F401B124F662BF00380AAF /* LocalAuthenticationDemo */ = {
			isa = PBXGroup;
			children = (
				99F401B224F662BF00380AAF /* AppDelegate.swift */,
				99F401B424F662BF00380AAF /* SceneDelegate.swift */,
				99F401C824F6832C00380AAF /* LoginViewController.swift */,
				99F401CA24F684FA00380AAF /* HomeViewController.swift */,
				99F401B824F662BF00380AAF /* Main.storyboard */,
				99F401BB24F662C100380AAF /* Assets.xcassets */,
				99F401BD24F662C100380AAF /* LaunchScreen.storyboard */,
				99F401C024F662C100380AAF /* Info.plist */,
			);
			path = LocalAuthenticationDemo;
			sourceTree = "<group>";
		};
/* End PBXGroup section */

/* Begin PBXNativeTarget section */
		99F401AE24F662BF00380AAF /* LocalAuthenticationDemo */ = {
			isa = PBXNativeTarget;
			buildConfigurationList = 99F401C324F662C100380AAF /* Build configuration list for PBXNativeTarget "LocalAuthenticationDemo" */;
			buildPhases = (
				99F401AB24F662BF00380AAF /* Sources */,
				99F401AC24F662BF00380AAF /* Frameworks */,
				99F401AD24F662BF00380AAF /* Resources */,
			);
			buildRules = (
			);
			dependencies = (
			);
			name = LocalAuthenticationDemo;
			productName = LocalAuthenticationDemo;
			productReference = 99F401AF24F662BF00380AAF /* LocalAuthenticationDemo.app */;
			productType = "com.apple.product-type.application";
		};
/* End PBXNativeTarget section */

/* Begin PBXProject section */
		99F401A724F662BF00380AAF /* Project object */ = {
			isa = PBXProject;
			attributes = {
				LastSwiftUpdateCheck = 1130;
				LastUpgradeCheck = 1130;
				ORGANIZATIONNAME = "Mayur Parmar";
				TargetAttributes = {
					99F401AE24F662BF00380AAF = {
						CreatedOnToolsVersion = 11.3.1;
					};
				};
			};
			buildConfigurationList = 99F401AA24F662BF00380AAF /* Build configuration list for PBXProject "LocalAuthenticationDemo" */;
			compatibilityVersion = "Xcode 9.3";
			developmentRegion = en;
			hasScannedForEncodings = 0;
			knownRegions = (
				en,
				Base,
			);
			mainGroup = 99F401A624F662BF00380AAF;
			productRefGroup = 99F401B024F662BF00380AAF /* Products */;
			projectDirPath = "";
			projectRoot = "";
			targets = (
				99F401AE24F662BF00380AAF /* LocalAuthenticationDemo */,
			);
		};
/* End PBXProject section */

/* Begin PBXResourcesBuildPhase section */
		99F401AD24F662BF00380AAF /* Resources */ = {
			isa = PBXResourcesBuildPhase;
			buildActionMask = 2147483647;
			files = (
				99F401BF24F662C100380AAF /* LaunchScreen.storyboard in Resources */,
				99F401BC24F662C100380AAF /* Assets.xcassets in Resources */,
				99F401BA24F662BF00380AAF /* Main.storyboard in Resources */,
			);
			runOnlyForDeploymentPostprocessing = 0;
		};
/* End PBXResourcesBuildPhase section */

/* Begin PBXSourcesBuildPhase section */
		99F401AB24F662BF00380AAF /* Sources */ = {
			isa = PBXSourcesBuildPhase;
			buildActionMask = 2147483647;
			files = (
				99F401CB24F684FA00380AAF /* HomeViewController.swift in Sources */,
				99F401B324F662BF00380AAF /* AppDelegate.swift in Sources */,
				99F401C924F6832C00380AAF /* LoginViewController.swift in Sources */,
				99F401B524F662BF00380AAF /* SceneDelegate.swift in Sources */,
			);
			runOnlyForDeploymentPostprocessing = 0;
		};
/* End PBXSourcesBuildPhase section */

/* Begin PBXVariantGroup section */
		99F401B824F662BF00380AAF /* Main.storyboard */ = {
			isa = PBXVariantGroup;
			children = (
				99F401B924F662BF00380AAF /* Base */,
			);
			name = Main.storyboard;
			sourceTree = "<group>";
		};
		99F401BD24F662C100380AAF /* LaunchScreen.storyboard */ = {
			isa = PBXVariantGroup;
			children = (
				99F401BE24F662C100380AAF /* Base */,
			);
			name = LaunchScreen.storyboard;
			sourceTree = "<group>";
		};
/* End PBXVariantGroup section */

/* Begin XCBuildConfiguration section */
		99F401C124F662C100380AAF /* Debug */ = {
			isa = XCBuildConfiguration;
			buildSettings = {
				ALWAYS_SEARCH_USER_PATHS = NO;
				CLANG_ANALYZER_NONNULL = YES;
				CLANG_ANALYZER_NUMBER_OBJECT_CONVERSION = YES_AGGRESSIVE;
				CLANG_CXX_LANGUAGE_STANDARD = "gnu++14";
				CLANG_CXX_LIBRARY = "libc++";
				CLANG_ENABLE_MODULES = YES;
				CLANG_ENABLE_OBJC_ARC = YES;
				CLANG_ENABLE_OBJC_WEAK = YES;
				CLANG_WARN_BLOCK_CAPTURE_AUTORELEASING = YES;
				CLANG_WARN_BOOL_CONVERSION = YES;
				CLANG_WARN_COMMA = YES;
				CLANG_WARN_CONSTANT_CONVERSION = YES;
				CLANG_WARN_DEPRECATED_OBJC_IMPLEMENTATIONS = YES;
				CLANG_WARN_DIRECT_OBJC_ISA_USAGE = YES_ERROR;
				CLANG_WARN_DOCUMENTATION_COMMENTS = YES;
				CLANG_WARN_EMPTY_BODY = YES;
				CLANG_WARN_ENUM_CONVERSION = YES;
				CLANG_WARN_INFINITE_RECURSION = YES;
				CLANG_WARN_INT_CONVERSION = YES;
				CLANG_WARN_NON_LITERAL_NULL_CONVERSION = YES;
				CLANG_WARN_OBJC_IMPLICIT_RETAIN_SELF = YES;
				CLANG_WARN_OBJC_LITERAL_CONVERSION = YES;
				CLANG_WARN_OBJC_ROOT_CLASS = YES_ERROR;
				CLANG_WARN_RANGE_LOOP_ANALYSIS = YES;
				CLANG_WARN_STRICT_PROTOTYPES = YES;
				CLANG_WARN_SUSPICIOUS_MOVE = YES;
				CLANG_WARN_UNGUARDED_AVAILABILITY = YES_AGGRESSIVE;
				CLANG_WARN_UNREACHABLE_CODE = YES;
				CLANG_WARN__DUPLICATE_METHOD_MATCH = YES;
				COPY_PHASE_STRIP = NO;
				DEBUG_INFORMATION_FORMAT = dwarf;
				ENABLE_STRICT_OBJC_MSGSEND = YES;
				ENABLE_TESTABILITY = YES;
				GCC_C_LANGUAGE_STANDARD = gnu11;
				GCC_DYNAMIC_NO_PIC = NO;
				GCC_NO_COMMON_BLOCKS = YES;
				GCC_OPTIMIZATION_LEVEL = 0;
				GCC_PREPROCESSOR_DEFINITIONS = (
					"DEBUG=1",
					"$(inherited)",
				);
				GCC_WARN_64_TO_32_BIT_CONVERSION = YES;
				GCC_WARN_ABOUT_RETURN_TYPE = YES_ERROR;
				GCC_WARN_UNDECLARED_SELECTOR = YES;
				GCC_WARN_UNINITIALIZED_AUTOS = YES_AGGRESSIVE;
				GCC_WARN_UNUSED_FUNCTION = YES;
				GCC_WARN_UNUSED_VARIABLE = YES;
				IPHONEOS_DEPLOYMENT_TARGET = 13.2;
				MTL_ENABLE_DEBUG_INFO = INCLUDE_SOURCE;
				MTL_FAST_MATH = YES;
				ONLY_ACTIVE_ARCH = YES;
				SDKROOT = iphoneos;
				SWIFT_ACTIVE_COMPILATION_CONDITIONS = DEBUG;
				SWIFT_OPTIMIZATION_LEVEL = "-Onone";
			};
			name = Debug;
		};
		99F401C224F662C100380AAF /* Release */ = {
			isa = XCBuildConfiguration;
			buildSettings = {
				ALWAYS_SEARCH_USER_PATHS = NO;
				CLANG_ANALYZER_NONNULL = YES;
				CLANG_ANALYZER_NUMBER_OBJECT_CONVERSION = YES_AGGRESSIVE;
				CLANG_CXX_LANGUAGE_STANDARD = "gnu++14";
				CLANG_CXX_LIBRARY = "libc++";
				CLANG_ENABLE_MODULES = YES;
				CLANG_ENABLE_OBJC_ARC = YES;
				CLANG_ENABLE_OBJC_WEAK = YES;
				CLANG_WARN_BLOCK_CAPTURE_AUTORELEASING = YES;
				CLANG_WARN_BOOL_CONVERSION = YES;
				CLANG_WARN_COMMA = YES;
				CLANG_WARN_CONSTANT_CONVERSION = YES;
				CLANG_WARN_DEPRECATED_OBJC_IMPLEMENTATIONS = YES;
				CLANG_WARN_DIRECT_OBJC_ISA_USAGE = YES_ERROR;
				CLANG_WARN_DOCUMENTATION_COMMENTS = YES;
				CLANG_WARN_EMPTY_BODY = YES;
				CLANG_WARN_ENUM_CONVERSION = YES;
				CLANG_WARN_INFINITE_RECURSION = YES;
				CLANG_WARN_INT_CONVERSION = YES;
				CLANG_WARN_NON_LITERAL_NULL_CONVERSION = YES;
				CLANG_WARN_OBJC_IMPLICIT_RETAIN_SELF = YES;
				CLANG_WARN_OBJC_LITERAL_CONVERSION = YES;
				CLANG_WARN_OBJC_ROOT_CLASS = YES_ERROR;
				CLANG_WARN_RANGE_LOOP_ANALYSIS = YES;
				CLANG_WARN_STRICT_PROTOTYPES = YES;
				CLANG_WARN_SUSPICIOUS_MOVE = YES;
				CLANG_WARN_UNGUARDED_AVAILABILITY = YES_AGGRESSIVE;
				CLANG_WARN_UNREACHABLE_CODE = YES;
				CLANG_WARN__DUPLICATE_METHOD_MATCH = YES;
				COPY_PHASE_STRIP = NO;
				DEBUG_INFORMATION_FORMAT = "dwarf-with-dsym";
				ENABLE_NS_ASSERTIONS = NO;
				ENABLE_STRICT_OBJC_MSGSEND = YES;
				GCC_C_LANGUAGE_STANDARD = gnu11;
				GCC_NO_COMMON_BLOCKS = YES;
				GCC_WARN_64_TO_32_BIT_CONVERSION = YES;
				GCC_WARN_ABOUT_RETURN_TYPE = YES_ERROR;
				GCC_WARN_UNDECLARED_SELECTOR = YES;
				GCC_WARN_UNINITIALIZED_AUTOS = YES_AGGRESSIVE;
				GCC_WARN_UNUSED_FUNCTION = YES;
				GCC_WARN_UNUSED_VARIABLE = YES;
				IPHONEOS_DEPLOYMENT_TARGET = 13.2;
				MTL_ENABLE_DEBUG_INFO = NO;
				MTL_FAST_MATH = YES;
				SDKROOT = iphoneos;
				SWIFT_COMPILATION_MODE = wholemodule;
				SWIFT_OPTIMIZATION_LEVEL = "-O";
				VALIDATE_PRODUCT = YES;
			};
			name = Release;
		};
		99F401C424F662C100380AAF /* Debug */ = {
			isa = XCBuildConfiguration;
			buildSettings = {
				ASSETCATALOG_COMPILER_APPICON_NAME = AppIcon;
				CODE_SIGN_STYLE = Automatic;
				DEVELOPMENT_TEAM = L4K86E7N3H;
				INFOPLIST_FILE = LocalAuthenticationDemo/Info.plist;
				LD_RUNPATH_SEARCH_PATHS = (
					"$(inherited)",
					"@executable_path/Frameworks",
				);
				PRODUCT_BUNDLE_IDENTIFIER = com.mayurparmar.app.LocalAuthenticationDemo;
				PRODUCT_NAME = "$(TARGET_NAME)";
				SWIFT_VERSION = 5.0;
				TARGETED_DEVICE_FAMILY = "1,2";
			};
			name = Debug;
		};
		99F401C524F662C100380AAF /* Release */ = {
			isa = XCBuildConfiguration;
			buildSettings = {
				ASSETCATALOG_COMPILER_APPICON_NAME = AppIcon;
				CODE_SIGN_STYLE = Automatic;
				DEVELOPMENT_TEAM = L4K86E7N3H;
				INFOPLIST_FILE = LocalAuthenticationDemo/Info.plist;
				LD_RUNPATH_SEARCH_PATHS = (
					"$(inherited)",
					"@executable_path/Frameworks",
				);
				PRODUCT_BUNDLE_IDENTIFIER = com.mayurparmar.app.LocalAuthenticationDemo;
				PRODUCT_NAME = "$(TARGET_NAME)";
				SWIFT_VERSION = 5.0;
				TARGETED_DEVICE_FAMILY = "1,2";
			};
			name = Release;
		};
/* End XCBuildConfiguration section */

/* Begin XCConfigurationList section */
		99F401AA24F662BF00380AAF /* Build configuration list for PBXProject "LocalAuthenticationDemo" */ = {
			isa = XCConfigurationList;
			buildConfigurations = (
				99F401C124F662C100380AAF /* Debug */,
				99F401C224F662C100380AAF /* Release */,
			);
			defaultConfigurationIsVisible = 0;
			defaultConfigurationName = Release;
		};
		99F401C324F662C100380AAF /* Build configuration list for PBXNativeTarget "LocalAuthenticationDemo" */ = {
			isa = XCConfigurationList;
			buildConfigurations = (
				99F401C424F662C100380AAF /* Debug */,
				99F401C524F662C100380AAF /* Release */,
			);
			defaultConfigurationIsVisible = 0;
			defaultConfigurationName = Release;
		};
/* End XCConfigurationList section */
	};
	rootObject = 99F401A724F662BF00380AAF /* Project object */;
}
